
Microsoft Visual Studio Solution File, Format Version 12.00
# Visual Studio Version 16
VisualStudioVersion = 16.0.29318.209
MinimumVisualStudioVersion = 10.0.40219.1
Project("{FAE04EC0-301F-11D3-BF4B-00C04F79EFBC}") = "TimesheetScheduler.Web", "TimesheetScheduler.Web\TimesheetScheduler.Web.csproj", "{AD0C980F-5C75-4853-A7C4-D7762D14D081}"
EndProject
Project("{FAE04EC0-301F-11D3-BF4B-00C04F79EFBC}") = "TimesheetScheduler.Core", "TimesheetScheduler.Core\TimesheetScheduler.Core.csproj", "{A36659F8-8CC1-4DAF-9082-AD656347C9A6}"
EndProject
Project("{FAE04EC0-301F-11D3-BF4B-00C04F79EFBC}") = "TimesheetScheduler.Data", "TimesheetScheduler.Data\TimesheetScheduler.Data.csproj", "{34A05900-433A-45E3-91F5-C73E5059BE99}"
EndProject
Global
	GlobalSection(SolutionConfigurationPlatforms) = preSolution
		Debug|Any CPU = Debug|Any CPU
		Release|Any CPU = Release|Any CPU
	EndGlobalSection
	GlobalSection(ProjectConfigurationPlatforms) = postSolution
		{AD0C980F-5C75-4853-A7C4-D7762D14D081}.Debug|Any CPU.ActiveCfg = Debug|Any CPU
		{AD0C980F-5C75-4853-A7C4-D7762D14D081}.Debug|Any CPU.Build.0 = Debug|Any CPU
		{AD0C980F-5C75-4853-A7C4-D7762D14D081}.Release|Any CPU.ActiveCfg = Release|Any CPU
		{AD0C980F-5C75-4853-A7C4-D7762D14D081}.Release|Any CPU.Build.0 = Release|Any CPU
		{A36659F8-8CC1-4DAF-9082-AD656347C9A6}.Debug|Any CPU.ActiveCfg = Debug|Any CPU
		{A36659F8-8CC1-4DAF-9082-AD656347C9A6}.Debug|Any CPU.Build.0 = Debug|Any CPU
		{A36659F8-8CC1-4DAF-9082-AD656347C9A6}.Release|Any CPU.ActiveCfg = Release|Any CPU
		{A36659F8-8CC1-4DAF-9082-AD656347C9A6}.Release|Any CPU.Build.0 = Release|Any CPU
		{34A05900-433A-45E3-91F5-C73E5059BE99}.Debug|Any CPU.ActiveCfg = Debug|Any CPU
		{34A05900-433A-45E3-91F5-C73E5059BE99}.Debug|Any CPU.Build.0 = Debug|Any CPU
		{34A05900-433A-45E3-91F5-C73E5059BE99}.Release|Any CPU.ActiveCfg = Release|Any CPU
		{34A05900-433A-45E3-91F5-C73E5059BE99}.Release|Any CPU.Build.0 = Release|Any CPU
	EndGlobalSection
	GlobalSection(SolutionProperties) = preSolution
		HideSolutionNode = FALSE
	EndGlobalSection
	GlobalSection(ExtensibilityGlobals) = postSolution
		SolutionGuid = {E5684B10-6FC2-4C1F-8C74-3A769F2D1888}
	EndGlobalSection
EndGlobal
